
Microsoft Visual Studio Solution File, Format Version 12.00
# Visual Studio 2012
Project("{FAE04EC0-301F-11D3-BF4B-00C04F79EFBC}") = "sdfdsf", "sdfdsf\sdfdsf.csproj", "{3ADA8093-B7C4-4072-8909-9EB92D1C0C6C}"
EndProject
Global
	GlobalSection(SolutionConfigurationPlatforms) = preSolution
		Debug|Any CPU = Debug|Any CPU
		Release|Any CPU = Release|Any CPU
	EndGlobalSection
	GlobalSection(ProjectConfigurationPlatforms) = postSolution
		{3ADA8093-B7C4-4072-8909-9EB92D1C0C6C}.Debug|Any CPU.ActiveCfg = Debug|Any CPU
		{3ADA8093-B7C4-4072-8909-9EB92D1C0C6C}.Debug|Any CPU.Build.0 = Debug|Any CPU
		{3ADA8093-B7C4-4072-8909-9EB92D1C0C6C}.Release|Any CPU.ActiveCfg = Release|Any CPU
		{3ADA8093-B7C4-4072-8909-9EB92D1C0C6C}.Release|Any CPU.Build.0 = Release|Any CPU
	EndGlobalSection
	GlobalSection(MonoDevelopProperties) = preSolution
		StartupItem = sdfdsf\sdfdsf.csproj
	EndGlobalSection
EndGlobal
